
Microsoft Visual Studio Solution File, Format Version 12.00
# Visual Studio Version 17
VisualStudioVersion = 17.11.35303.130
MinimumVisualStudioVersion = 10.0.40219.1
Project("{FAE04EC0-301F-11D3-BF4B-00C04F79EFBC}") = "PR_4", "PR_4\PR_4.csproj", "{ED6E99F2-6175-417B-AB32-2CE72873C8A5}"
EndProject
Global
	GlobalSection(SolutionConfigurationPlatforms) = preSolution
		Debug|Any CPU = Debug|Any CPU
		Release|Any CPU = Release|Any CPU
	EndGlobalSection
	GlobalSection(ProjectConfigurationPlatforms) = postSolution
		{ED6E99F2-6175-417B-AB32-2CE72873C8A5}.Debug|Any CPU.ActiveCfg = Debug|Any CPU
		{ED6E99F2-6175-417B-AB32-2CE72873C8A5}.Debug|Any CPU.Build.0 = Debug|Any CPU
		{ED6E99F2-6175-417B-AB32-2CE72873C8A5}.Release|Any CPU.ActiveCfg = Release|Any CPU
		{ED6E99F2-6175-417B-AB32-2CE72873C8A5}.Release|Any CPU.Build.0 = Release|Any CPU
	EndGlobalSection
	GlobalSection(SolutionProperties) = preSolution
		HideSolutionNode = FALSE
	EndGlobalSection
	GlobalSection(ExtensibilityGlobals) = postSolution
		SolutionGuid = {C43682B5-16A5-46EC-B4BC-730889B0EF7E}
	EndGlobalSection
EndGlobal
